
Microsoft Visual Studio Solution File, Format Version 12.00
Project("{FAE04EC0-301F-11D3-BF4B-00C04F79EFBC}") = "DADProject", "DADProject\DADProject.csproj", "{BAFE42BA-9EAD-4FDA-9B69-99C66919CD5D}"
EndProject
Global
	GlobalSection(SolutionConfigurationPlatforms) = preSolution
		Debug|Any CPU = Debug|Any CPU
		Release|Any CPU = Release|Any CPU
	EndGlobalSection
	GlobalSection(ProjectConfigurationPlatforms) = postSolution
		{BAFE42BA-9EAD-4FDA-9B69-99C66919CD5D}.Debug|Any CPU.ActiveCfg = Debug|Any CPU
		{BAFE42BA-9EAD-4FDA-9B69-99C66919CD5D}.Debug|Any CPU.Build.0 = Debug|Any CPU
		{BAFE42BA-9EAD-4FDA-9B69-99C66919CD5D}.Release|Any CPU.ActiveCfg = Release|Any CPU
		{BAFE42BA-9EAD-4FDA-9B69-99C66919CD5D}.Release|Any CPU.Build.0 = Release|Any CPU
	EndGlobalSection
EndGlobal
